
Microsoft Visual Studio Solution File, Format Version 10.00
# Visual Studio 2008
Project("{FAE04EC0-301F-11D3-BF4B-00C04F79EFBC}") = "Kadr", "Kadr\Kadr.csproj", "{474F0D94-C66E-4FE3-9BFE-0B0C587A5015}"
EndProject
Project("{FAE04EC0-301F-11D3-BF4B-00C04F79EFBC}") = "CodeHelper", "CodeHelper\CodeHelper.csproj", "{EC01AD24-E555-43E5-93BD-B99F082725D1}"
EndProject
Project("{FAE04EC0-301F-11D3-BF4B-00C04F79EFBC}") = "UIX", "UIX\UIX\UIX.csproj", "{0FCF0F0D-5FBA-4386-B645-5E7D2682D3BA}"
EndProject
Project("{54435603-DBB4-11D2-8724-00A0C9A8B90C}") = "KadrSetup", "KadrSetup\KadrSetup.vdproj", "{613B64C1-319E-47B0-A671-2033A98DBD91}"
EndProject
Global
	GlobalSection(SourceCodeControl) = preSolution
		SccNumberOfProjects = 5
		SccLocalPath0 = .
		SccProjectUniqueName1 = CodeHelper\\CodeHelper.csproj
		SccLocalPath1 = .
		SccProjectFilePathRelativizedFromConnection1 = CodeHelper\\
		SccProjectUniqueName2 = Kadr\\Kadr.csproj
		SccLocalPath2 = .
		SccProjectFilePathRelativizedFromConnection2 = Kadr\\
		SccProjectUniqueName3 = UIX\\UIX\\UIX.csproj
		SccLocalPath3 = .
		SccProjectFilePathRelativizedFromConnection3 = UIX\\UIX\\
		SccProjectUniqueName4 = KadrSetup\\KadrSetup.vdproj
		SccLocalPath4 = .
		SccProjectFilePathRelativizedFromConnection4 = KadrSetup\\
	EndGlobalSection
	GlobalSection(SolutionConfigurationPlatforms) = preSolution
		AISRB DEBUG|Any CPU = AISRB DEBUG|Any CPU
		AISRB DEBUG|x64 = AISRB DEBUG|x64
		AISRB RELEASE|Any CPU = AISRB RELEASE|Any CPU
		AISRB RELEASE|x64 = AISRB RELEASE|x64
		Debug|Any CPU = Debug|Any CPU
		Debug|x64 = Debug|x64
		Release|Any CPU = Release|Any CPU
		Release|x64 = Release|x64
		SUPERVISOR DEBUG|Any CPU = SUPERVISOR DEBUG|Any CPU
		SUPERVISOR DEBUG|x64 = SUPERVISOR DEBUG|x64
		SUPERVISOR RELEASE NORDOIL|Any CPU = SUPERVISOR RELEASE NORDOIL|Any CPU
		SUPERVISOR RELEASE NORDOIL|x64 = SUPERVISOR RELEASE NORDOIL|x64
		SUPERVISOR RELEASE|Any CPU = SUPERVISOR RELEASE|Any CPU
		SUPERVISOR RELEASE|x64 = SUPERVISOR RELEASE|x64
	EndGlobalSection
	GlobalSection(ProjectConfigurationPlatforms) = postSolution
		{474F0D94-C66E-4FE3-9BFE-0B0C587A5015}.AISRB DEBUG|Any CPU.ActiveCfg = Release|Any CPU
		{474F0D94-C66E-4FE3-9BFE-0B0C587A5015}.AISRB DEBUG|Any CPU.Build.0 = Release|Any CPU
		{474F0D94-C66E-4FE3-9BFE-0B0C587A5015}.AISRB DEBUG|x64.ActiveCfg = Release|Any CPU
		{474F0D94-C66E-4FE3-9BFE-0B0C587A5015}.AISRB RELEASE|Any CPU.ActiveCfg = Release|Any CPU
		{474F0D94-C66E-4FE3-9BFE-0B0C587A5015}.AISRB RELEASE|Any CPU.Build.0 = Release|Any CPU
		{474F0D94-C66E-4FE3-9BFE-0B0C587A5015}.AISRB RELEASE|x64.ActiveCfg = Release|Any CPU
		{474F0D94-C66E-4FE3-9BFE-0B0C587A5015}.Debug|Any CPU.ActiveCfg = Debug|Any CPU
		{474F0D94-C66E-4FE3-9BFE-0B0C587A5015}.Debug|Any CPU.Build.0 = Debug|Any CPU
		{474F0D94-C66E-4FE3-9BFE-0B0C587A5015}.Debug|x64.ActiveCfg = Debug|Any CPU
		{474F0D94-C66E-4FE3-9BFE-0B0C587A5015}.Release|Any CPU.ActiveCfg = Release|Any CPU
		{474F0D94-C66E-4FE3-9BFE-0B0C587A5015}.Release|Any CPU.Build.0 = Release|Any CPU
		{474F0D94-C66E-4FE3-9BFE-0B0C587A5015}.Release|x64.ActiveCfg = Release|Any CPU
		{474F0D94-C66E-4FE3-9BFE-0B0C587A5015}.SUPERVISOR DEBUG|Any CPU.ActiveCfg = Release|Any CPU
		{474F0D94-C66E-4FE3-9BFE-0B0C587A5015}.SUPERVISOR DEBUG|Any CPU.Build.0 = Release|Any CPU
		{474F0D94-C66E-4FE3-9BFE-0B0C587A5015}.SUPERVISOR DEBUG|x64.ActiveCfg = Release|Any CPU
		{474F0D94-C66E-4FE3-9BFE-0B0C587A5015}.SUPERVISOR RELEASE NORDOIL|Any CPU.ActiveCfg = Release|Any CPU
		{474F0D94-C66E-4FE3-9BFE-0B0C587A5015}.SUPERVISOR RELEASE NORDOIL|Any CPU.Build.0 = Release|Any CPU
		{474F0D94-C66E-4FE3-9BFE-0B0C587A5015}.SUPERVISOR RELEASE NORDOIL|x64.ActiveCfg = Release|Any CPU
		{474F0D94-C66E-4FE3-9BFE-0B0C587A5015}.SUPERVISOR RELEASE|Any CPU.ActiveCfg = Release|Any CPU
		{474F0D94-C66E-4FE3-9BFE-0B0C587A5015}.SUPERVISOR RELEASE|Any CPU.Build.0 = Release|Any CPU
		{474F0D94-C66E-4FE3-9BFE-0B0C587A5015}.SUPERVISOR RELEASE|x64.ActiveCfg = Release|Any CPU
		{EC01AD24-E555-43E5-93BD-B99F082725D1}.AISRB DEBUG|Any CPU.ActiveCfg = AISRB DEBUG|Any CPU
		{EC01AD24-E555-43E5-93BD-B99F082725D1}.AISRB DEBUG|Any CPU.Build.0 = AISRB DEBUG|Any CPU
		{EC01AD24-E555-43E5-93BD-B99F082725D1}.AISRB DEBUG|x64.ActiveCfg = AISRB DEBUG|x64
		{EC01AD24-E555-43E5-93BD-B99F082725D1}.AISRB DEBUG|x64.Build.0 = AISRB DEBUG|x64
		{EC01AD24-E555-43E5-93BD-B99F082725D1}.AISRB RELEASE|Any CPU.ActiveCfg = AISRB RELEASE|Any CPU
		{EC01AD24-E555-43E5-93BD-B99F082725D1}.AISRB RELEASE|Any CPU.Build.0 = AISRB RELEASE|Any CPU
		{EC01AD24-E555-43E5-93BD-B99F082725D1}.AISRB RELEASE|x64.ActiveCfg = AISRB RELEASE|x64
		{EC01AD24-E555-43E5-93BD-B99F082725D1}.AISRB RELEASE|x64.Build.0 = AISRB RELEASE|x64
		{EC01AD24-E555-43E5-93BD-B99F082725D1}.Debug|Any CPU.ActiveCfg = SUPERVISOR RELEASE NORDOIL|Any CPU
		{EC01AD24-E555-43E5-93BD-B99F082725D1}.Debug|Any CPU.Build.0 = SUPERVISOR RELEASE NORDOIL|Any CPU
		{EC01AD24-E555-43E5-93BD-B99F082725D1}.Debug|x64.ActiveCfg = SUPERVISOR RELEASE NORDOIL|x64
		{EC01AD24-E555-43E5-93BD-B99F082725D1}.Debug|x64.Build.0 = SUPERVISOR RELEASE NORDOIL|x64
		{EC01AD24-E555-43E5-93BD-B99F082725D1}.Release|Any CPU.ActiveCfg = Release|Any CPU
		{EC01AD24-E555-43E5-93BD-B99F082725D1}.Release|Any CPU.Build.0 = Release|Any CPU
		{EC01AD24-E555-43E5-93BD-B99F082725D1}.Release|x64.ActiveCfg = SUPERVISOR RELEASE NORDOIL|x64
		{EC01AD24-E555-43E5-93BD-B99F082725D1}.Release|x64.Build.0 = SUPERVISOR RELEASE NORDOIL|x64
		{EC01AD24-E555-43E5-93BD-B99F082725D1}.SUPERVISOR DEBUG|Any CPU.ActiveCfg = SUPERVISOR DEBUG|Any CPU
		{EC01AD24-E555-43E5-93BD-B99F082725D1}.SUPERVISOR DEBUG|Any CPU.Build.0 = SUPERVISOR DEBUG|Any CPU
		{EC01AD24-E555-43E5-93BD-B99F082725D1}.SUPERVISOR DEBUG|x64.ActiveCfg = SUPERVISOR DEBUG|x64
		{EC01AD24-E555-43E5-93BD-B99F082725D1}.SUPERVISOR DEBUG|x64.Build.0 = SUPERVISOR DEBUG|x64
		{EC01AD24-E555-43E5-93BD-B99F082725D1}.SUPERVISOR RELEASE NORDOIL|Any CPU.ActiveCfg = SUPERVISOR RELEASE NORDOIL|Any CPU
		{EC01AD24-E555-43E5-93BD-B99F082725D1}.SUPERVISOR RELEASE NORDOIL|Any CPU.Build.0 = SUPERVISOR RELEASE NORDOIL|Any CPU
		{EC01AD24-E555-43E5-93BD-B99F082725D1}.SUPERVISOR RELEASE NORDOIL|x64.ActiveCfg = SUPERVISOR RELEASE NORDOIL|x64
		{EC01AD24-E555-43E5-93BD-B99F082725D1}.SUPERVISOR RELEASE NORDOIL|x64.Build.0 = SUPERVISOR RELEASE NORDOIL|x64
		{EC01AD24-E555-43E5-93BD-B99F082725D1}.SUPERVISOR RELEASE|Any CPU.ActiveCfg = SUPERVISOR RELEASE|Any CPU
		{EC01AD24-E555-43E5-93BD-B99F082725D1}.SUPERVISOR RELEASE|Any CPU.Build.0 = SUPERVISOR RELEASE|Any CPU
		{EC01AD24-E555-43E5-93BD-B99F082725D1}.SUPERVISOR RELEASE|x64.ActiveCfg = SUPERVISOR RELEASE|x64
		{EC01AD24-E555-43E5-93BD-B99F082725D1}.SUPERVISOR RELEASE|x64.Build.0 = SUPERVISOR RELEASE|x64
		{0FCF0F0D-5FBA-4386-B645-5E7D2682D3BA}.AISRB DEBUG|Any CPU.ActiveCfg = Release|x64
		{0FCF0F0D-5FBA-4386-B645-5E7D2682D3BA}.AISRB DEBUG|x64.ActiveCfg = Release|x64
		{0FCF0F0D-5FBA-4386-B645-5E7D2682D3BA}.AISRB DEBUG|x64.Build.0 = Release|x64
		{0FCF0F0D-5FBA-4386-B645-5E7D2682D3BA}.AISRB RELEASE|Any CPU.ActiveCfg = Release|x64
		{0FCF0F0D-5FBA-4386-B645-5E7D2682D3BA}.AISRB RELEASE|x64.ActiveCfg = Release|x64
		{0FCF0F0D-5FBA-4386-B645-5E7D2682D3BA}.AISRB RELEASE|x64.Build.0 = Release|x64
		{0FCF0F0D-5FBA-4386-B645-5E7D2682D3BA}.Debug|Any CPU.ActiveCfg = Debug|Any CPU
		{0FCF0F0D-5FBA-4386-B645-5E7D2682D3BA}.Debug|Any CPU.Build.0 = Debug|Any CPU
		{0FCF0F0D-5FBA-4386-B645-5E7D2682D3BA}.Debug|x64.ActiveCfg = Debug|x64
		{0FCF0F0D-5FBA-4386-B645-5E7D2682D3BA}.Debug|x64.Build.0 = Debug|x64
		{0FCF0F0D-5FBA-4386-B645-5E7D2682D3BA}.Release|Any CPU.ActiveCfg = Release|Any CPU
		{0FCF0F0D-5FBA-4386-B645-5E7D2682D3BA}.Release|Any CPU.Build.0 = Release|Any CPU
		{0FCF0F0D-5FBA-4386-B645-5E7D2682D3BA}.Release|x64.ActiveCfg = Release|x64
		{0FCF0F0D-5FBA-4386-B645-5E7D2682D3BA}.Release|x64.Build.0 = Release|x64
		{0FCF0F0D-5FBA-4386-B645-5E7D2682D3BA}.SUPERVISOR DEBUG|Any CPU.ActiveCfg = Release|x64
		{0FCF0F0D-5FBA-4386-B645-5E7D2682D3BA}.SUPERVISOR DEBUG|x64.ActiveCfg = Release|x64
		{0FCF0F0D-5FBA-4386-B645-5E7D2682D3BA}.SUPERVISOR DEBUG|x64.Build.0 = Release|x64
		{0FCF0F0D-5FBA-4386-B645-5E7D2682D3BA}.SUPERVISOR RELEASE NORDOIL|Any CPU.ActiveCfg = Release|x64
		{0FCF0F0D-5FBA-4386-B645-5E7D2682D3BA}.SUPERVISOR RELEASE NORDOIL|x64.ActiveCfg = Release|x64
		{0FCF0F0D-5FBA-4386-B645-5E7D2682D3BA}.SUPERVISOR RELEASE NORDOIL|x64.Build.0 = Release|x64
		{0FCF0F0D-5FBA-4386-B645-5E7D2682D3BA}.SUPERVISOR RELEASE|Any CPU.ActiveCfg = Release|x64
		{0FCF0F0D-5FBA-4386-B645-5E7D2682D3BA}.SUPERVISOR RELEASE|x64.ActiveCfg = Release|x64
		{0FCF0F0D-5FBA-4386-B645-5E7D2682D3BA}.SUPERVISOR RELEASE|x64.Build.0 = Release|x64
		{613B64C1-319E-47B0-A671-2033A98DBD91}.AISRB DEBUG|Any CPU.ActiveCfg = Release
		{613B64C1-319E-47B0-A671-2033A98DBD91}.AISRB DEBUG|x64.ActiveCfg = Release
		{613B64C1-319E-47B0-A671-2033A98DBD91}.AISRB RELEASE|Any CPU.ActiveCfg = Release
		{613B64C1-319E-47B0-A671-2033A98DBD91}.AISRB RELEASE|x64.ActiveCfg = Release
		{613B64C1-319E-47B0-A671-2033A98DBD91}.Debug|Any CPU.ActiveCfg = Debug
		{613B64C1-319E-47B0-A671-2033A98DBD91}.Debug|x64.ActiveCfg = Debug
		{613B64C1-319E-47B0-A671-2033A98DBD91}.Release|Any CPU.ActiveCfg = Release
		{613B64C1-319E-47B0-A671-2033A98DBD91}.Release|Any CPU.Build.0 = Release
		{613B64C1-319E-47B0-A671-2033A98DBD91}.Release|x64.ActiveCfg = Release
		{613B64C1-319E-47B0-A671-2033A98DBD91}.SUPERVISOR DEBUG|Any CPU.ActiveCfg = Release
		{613B64C1-319E-47B0-A671-2033A98DBD91}.SUPERVISOR DEBUG|x64.ActiveCfg = Release
		{613B64C1-319E-47B0-A671-2033A98DBD91}.SUPERVISOR RELEASE NORDOIL|Any CPU.ActiveCfg = Release
		{613B64C1-319E-47B0-A671-2033A98DBD91}.SUPERVISOR RELEASE NORDOIL|x64.ActiveCfg = Release
		{613B64C1-319E-47B0-A671-2033A98DBD91}.SUPERVISOR RELEASE|Any CPU.ActiveCfg = Release
		{613B64C1-319E-47B0-A671-2033A98DBD91}.SUPERVISOR RELEASE|x64.ActiveCfg = Release
	EndGlobalSection
	GlobalSection(SolutionProperties) = preSolution
		HideSolutionNode = FALSE
	EndGlobalSection
EndGlobal
