
Microsoft Visual Studio Solution File, Format Version 12.00
# Visual Studio 14
VisualStudioVersion = 14.0.24720.0
MinimumVisualStudioVersion = 10.0.40219.1
Project("{FAE04EC0-301F-11D3-BF4B-00C04F79EFBC}") = "OTIZ", "Kadr\OTIZ.csproj", "{474F0D94-C66E-4FE3-9BFE-0B0C587A5015}"
EndProject
Project("{FAE04EC0-301F-11D3-BF4B-00C04F79EFBC}") = "CodeHelper", "CodeHelper\CodeHelper.csproj", "{EC01AD24-E555-43E5-93BD-B99F082725D1}"
EndProject
Project("{FAE04EC0-301F-11D3-BF4B-00C04F79EFBC}") = "UIX", "UIX\UIX\UIX.csproj", "{0FCF0F0D-5FBA-4386-B645-5E7D2682D3BA}"
EndProject
Project("{FAE04EC0-301F-11D3-BF4B-00C04F79EFBC}") = "Reports", "Reports\Reports.csproj", "{BCEA87EE-2EB7-47D0-A4AC-93AAF3ED6C71}"
EndProject
Project("{6141683F-8A12-4E36-9623-2EB02B2C2303}") = "MainKadrSetup", "MainKadrSetup\MainKadrSetup.isproj", "{F8B979F9-400D-42A4-9F34-43F30EB3DE09}"
	ProjectSection(ProjectDependencies) = postProject
		{474F0D94-C66E-4FE3-9BFE-0B0C587A5015} = {474F0D94-C66E-4FE3-9BFE-0B0C587A5015}
	EndProjectSection
EndProject
Global
	GlobalSection(SolutionConfigurationPlatforms) = preSolution
		AISRB DEBUG|Any CPU = AISRB DEBUG|Any CPU
		AISRB DEBUG|x64 = AISRB DEBUG|x64
		AISRB RELEASE|Any CPU = AISRB RELEASE|Any CPU
		AISRB RELEASE|x64 = AISRB RELEASE|x64
		CD_ROM|Any CPU = CD_ROM|Any CPU
		CD_ROM|x64 = CD_ROM|x64
		Debug|Any CPU = Debug|Any CPU
		Debug|x64 = Debug|x64
		DVD-5|Any CPU = DVD-5|Any CPU
		DVD-5|x64 = DVD-5|x64
		Release|Any CPU = Release|Any CPU
		Release|x64 = Release|x64
		SingleImage|Any CPU = SingleImage|Any CPU
		SingleImage|x64 = SingleImage|x64
		SUPERVISOR DEBUG|Any CPU = SUPERVISOR DEBUG|Any CPU
		SUPERVISOR DEBUG|x64 = SUPERVISOR DEBUG|x64
		SUPERVISOR RELEASE NORDOIL|Any CPU = SUPERVISOR RELEASE NORDOIL|Any CPU
		SUPERVISOR RELEASE NORDOIL|x64 = SUPERVISOR RELEASE NORDOIL|x64
		SUPERVISOR RELEASE|Any CPU = SUPERVISOR RELEASE|Any CPU
		SUPERVISOR RELEASE|x64 = SUPERVISOR RELEASE|x64
	EndGlobalSection
	GlobalSection(ProjectConfigurationPlatforms) = postSolution
		{474F0D94-C66E-4FE3-9BFE-0B0C587A5015}.AISRB DEBUG|Any CPU.ActiveCfg = Release|Any CPU
		{474F0D94-C66E-4FE3-9BFE-0B0C587A5015}.AISRB DEBUG|Any CPU.Build.0 = Release|Any CPU
		{474F0D94-C66E-4FE3-9BFE-0B0C587A5015}.AISRB DEBUG|x64.ActiveCfg = Release|Any CPU
		{474F0D94-C66E-4FE3-9BFE-0B0C587A5015}.AISRB RELEASE|Any CPU.ActiveCfg = Release|Any CPU
		{474F0D94-C66E-4FE3-9BFE-0B0C587A5015}.AISRB RELEASE|Any CPU.Build.0 = Release|Any CPU
		{474F0D94-C66E-4FE3-9BFE-0B0C587A5015}.AISRB RELEASE|x64.ActiveCfg = Release|Any CPU
		{474F0D94-C66E-4FE3-9BFE-0B0C587A5015}.CD_ROM|Any CPU.ActiveCfg = Debug|Any CPU
		{474F0D94-C66E-4FE3-9BFE-0B0C587A5015}.CD_ROM|Any CPU.Build.0 = Debug|Any CPU
		{474F0D94-C66E-4FE3-9BFE-0B0C587A5015}.CD_ROM|x64.ActiveCfg = Debug|Any CPU
		{474F0D94-C66E-4FE3-9BFE-0B0C587A5015}.Debug|Any CPU.ActiveCfg = Debug|Any CPU
		{474F0D94-C66E-4FE3-9BFE-0B0C587A5015}.Debug|Any CPU.Build.0 = Debug|Any CPU
		{474F0D94-C66E-4FE3-9BFE-0B0C587A5015}.Debug|x64.ActiveCfg = Debug|Any CPU
		{474F0D94-C66E-4FE3-9BFE-0B0C587A5015}.DVD-5|Any CPU.ActiveCfg = Debug|Any CPU
		{474F0D94-C66E-4FE3-9BFE-0B0C587A5015}.DVD-5|Any CPU.Build.0 = Debug|Any CPU
		{474F0D94-C66E-4FE3-9BFE-0B0C587A5015}.DVD-5|x64.ActiveCfg = Debug|Any CPU
		{474F0D94-C66E-4FE3-9BFE-0B0C587A5015}.Release|Any CPU.ActiveCfg = Release|Any CPU
		{474F0D94-C66E-4FE3-9BFE-0B0C587A5015}.Release|Any CPU.Build.0 = Release|Any CPU
		{474F0D94-C66E-4FE3-9BFE-0B0C587A5015}.Release|Any CPU.Deploy.0 = Release|Any CPU
		{474F0D94-C66E-4FE3-9BFE-0B0C587A5015}.Release|x64.ActiveCfg = Release|Any CPU
		{474F0D94-C66E-4FE3-9BFE-0B0C587A5015}.SingleImage|Any CPU.ActiveCfg = Debug|Any CPU
		{474F0D94-C66E-4FE3-9BFE-0B0C587A5015}.SingleImage|Any CPU.Build.0 = Debug|Any CPU
		{474F0D94-C66E-4FE3-9BFE-0B0C587A5015}.SingleImage|x64.ActiveCfg = Debug|Any CPU
		{474F0D94-C66E-4FE3-9BFE-0B0C587A5015}.SUPERVISOR DEBUG|Any CPU.ActiveCfg = Release|Any CPU
		{474F0D94-C66E-4FE3-9BFE-0B0C587A5015}.SUPERVISOR DEBUG|Any CPU.Build.0 = Release|Any CPU
		{474F0D94-C66E-4FE3-9BFE-0B0C587A5015}.SUPERVISOR DEBUG|x64.ActiveCfg = Release|Any CPU
		{474F0D94-C66E-4FE3-9BFE-0B0C587A5015}.SUPERVISOR RELEASE NORDOIL|Any CPU.ActiveCfg = Release|Any CPU
		{474F0D94-C66E-4FE3-9BFE-0B0C587A5015}.SUPERVISOR RELEASE NORDOIL|Any CPU.Build.0 = Release|Any CPU
		{474F0D94-C66E-4FE3-9BFE-0B0C587A5015}.SUPERVISOR RELEASE NORDOIL|x64.ActiveCfg = Release|Any CPU
		{474F0D94-C66E-4FE3-9BFE-0B0C587A5015}.SUPERVISOR RELEASE|Any CPU.ActiveCfg = Release|Any CPU
		{474F0D94-C66E-4FE3-9BFE-0B0C587A5015}.SUPERVISOR RELEASE|Any CPU.Build.0 = Release|Any CPU
		{474F0D94-C66E-4FE3-9BFE-0B0C587A5015}.SUPERVISOR RELEASE|x64.ActiveCfg = Release|Any CPU
		{EC01AD24-E555-43E5-93BD-B99F082725D1}.AISRB DEBUG|Any CPU.ActiveCfg = AISRB DEBUG|Any CPU
		{EC01AD24-E555-43E5-93BD-B99F082725D1}.AISRB DEBUG|Any CPU.Build.0 = AISRB DEBUG|Any CPU
		{EC01AD24-E555-43E5-93BD-B99F082725D1}.AISRB DEBUG|x64.ActiveCfg = AISRB DEBUG|x64
		{EC01AD24-E555-43E5-93BD-B99F082725D1}.AISRB DEBUG|x64.Build.0 = AISRB DEBUG|x64
		{EC01AD24-E555-43E5-93BD-B99F082725D1}.AISRB RELEASE|Any CPU.ActiveCfg = AISRB RELEASE|Any CPU
		{EC01AD24-E555-43E5-93BD-B99F082725D1}.AISRB RELEASE|Any CPU.Build.0 = AISRB RELEASE|Any CPU
		{EC01AD24-E555-43E5-93BD-B99F082725D1}.AISRB RELEASE|x64.ActiveCfg = AISRB RELEASE|x64
		{EC01AD24-E555-43E5-93BD-B99F082725D1}.AISRB RELEASE|x64.Build.0 = AISRB RELEASE|x64
		{EC01AD24-E555-43E5-93BD-B99F082725D1}.CD_ROM|Any CPU.ActiveCfg = Debug|Any CPU
		{EC01AD24-E555-43E5-93BD-B99F082725D1}.CD_ROM|Any CPU.Build.0 = Debug|Any CPU
		{EC01AD24-E555-43E5-93BD-B99F082725D1}.CD_ROM|x64.ActiveCfg = Debug|x64
		{EC01AD24-E555-43E5-93BD-B99F082725D1}.CD_ROM|x64.Build.0 = Debug|x64
		{EC01AD24-E555-43E5-93BD-B99F082725D1}.Debug|Any CPU.ActiveCfg = SUPERVISOR RELEASE NORDOIL|Any CPU
		{EC01AD24-E555-43E5-93BD-B99F082725D1}.Debug|Any CPU.Build.0 = SUPERVISOR RELEASE NORDOIL|Any CPU
		{EC01AD24-E555-43E5-93BD-B99F082725D1}.Debug|x64.ActiveCfg = SUPERVISOR RELEASE NORDOIL|x64
		{EC01AD24-E555-43E5-93BD-B99F082725D1}.Debug|x64.Build.0 = SUPERVISOR RELEASE NORDOIL|x64
		{EC01AD24-E555-43E5-93BD-B99F082725D1}.DVD-5|Any CPU.ActiveCfg = Debug|Any CPU
		{EC01AD24-E555-43E5-93BD-B99F082725D1}.DVD-5|Any CPU.Build.0 = Debug|Any CPU
		{EC01AD24-E555-43E5-93BD-B99F082725D1}.DVD-5|x64.ActiveCfg = Debug|x64
		{EC01AD24-E555-43E5-93BD-B99F082725D1}.DVD-5|x64.Build.0 = Debug|x64
		{EC01AD24-E555-43E5-93BD-B99F082725D1}.Release|Any CPU.ActiveCfg = Release|Any CPU
		{EC01AD24-E555-43E5-93BD-B99F082725D1}.Release|Any CPU.Build.0 = Release|Any CPU
		{EC01AD24-E555-43E5-93BD-B99F082725D1}.Release|x64.ActiveCfg = SUPERVISOR RELEASE NORDOIL|x64
		{EC01AD24-E555-43E5-93BD-B99F082725D1}.Release|x64.Build.0 = SUPERVISOR RELEASE NORDOIL|x64
		{EC01AD24-E555-43E5-93BD-B99F082725D1}.SingleImage|Any CPU.ActiveCfg = SUPERVISOR RELEASE|Any CPU
		{EC01AD24-E555-43E5-93BD-B99F082725D1}.SingleImage|Any CPU.Build.0 = SUPERVISOR RELEASE|Any CPU
		{EC01AD24-E555-43E5-93BD-B99F082725D1}.SingleImage|x64.ActiveCfg = SUPERVISOR RELEASE|x64
		{EC01AD24-E555-43E5-93BD-B99F082725D1}.SingleImage|x64.Build.0 = SUPERVISOR RELEASE|x64
		{EC01AD24-E555-43E5-93BD-B99F082725D1}.SUPERVISOR DEBUG|Any CPU.ActiveCfg = SUPERVISOR DEBUG|Any CPU
		{EC01AD24-E555-43E5-93BD-B99F082725D1}.SUPERVISOR DEBUG|Any CPU.Build.0 = SUPERVISOR DEBUG|Any CPU
		{EC01AD24-E555-43E5-93BD-B99F082725D1}.SUPERVISOR DEBUG|x64.ActiveCfg = SUPERVISOR DEBUG|x64
		{EC01AD24-E555-43E5-93BD-B99F082725D1}.SUPERVISOR DEBUG|x64.Build.0 = SUPERVISOR DEBUG|x64
		{EC01AD24-E555-43E5-93BD-B99F082725D1}.SUPERVISOR RELEASE NORDOIL|Any CPU.ActiveCfg = SUPERVISOR RELEASE NORDOIL|Any CPU
		{EC01AD24-E555-43E5-93BD-B99F082725D1}.SUPERVISOR RELEASE NORDOIL|Any CPU.Build.0 = SUPERVISOR RELEASE NORDOIL|Any CPU
		{EC01AD24-E555-43E5-93BD-B99F082725D1}.SUPERVISOR RELEASE NORDOIL|x64.ActiveCfg = SUPERVISOR RELEASE NORDOIL|x64
		{EC01AD24-E555-43E5-93BD-B99F082725D1}.SUPERVISOR RELEASE NORDOIL|x64.Build.0 = SUPERVISOR RELEASE NORDOIL|x64
		{EC01AD24-E555-43E5-93BD-B99F082725D1}.SUPERVISOR RELEASE|Any CPU.ActiveCfg = SUPERVISOR RELEASE|Any CPU
		{EC01AD24-E555-43E5-93BD-B99F082725D1}.SUPERVISOR RELEASE|Any CPU.Build.0 = SUPERVISOR RELEASE|Any CPU
		{EC01AD24-E555-43E5-93BD-B99F082725D1}.SUPERVISOR RELEASE|x64.ActiveCfg = SUPERVISOR RELEASE|x64
		{EC01AD24-E555-43E5-93BD-B99F082725D1}.SUPERVISOR RELEASE|x64.Build.0 = SUPERVISOR RELEASE|x64
		{0FCF0F0D-5FBA-4386-B645-5E7D2682D3BA}.AISRB DEBUG|Any CPU.ActiveCfg = Release|x64
		{0FCF0F0D-5FBA-4386-B645-5E7D2682D3BA}.AISRB DEBUG|x64.ActiveCfg = Release|x64
		{0FCF0F0D-5FBA-4386-B645-5E7D2682D3BA}.AISRB DEBUG|x64.Build.0 = Release|x64
		{0FCF0F0D-5FBA-4386-B645-5E7D2682D3BA}.AISRB RELEASE|Any CPU.ActiveCfg = Release|x64
		{0FCF0F0D-5FBA-4386-B645-5E7D2682D3BA}.AISRB RELEASE|x64.ActiveCfg = Release|x64
		{0FCF0F0D-5FBA-4386-B645-5E7D2682D3BA}.AISRB RELEASE|x64.Build.0 = Release|x64
		{0FCF0F0D-5FBA-4386-B645-5E7D2682D3BA}.CD_ROM|Any CPU.ActiveCfg = Release|Any CPU
		{0FCF0F0D-5FBA-4386-B645-5E7D2682D3BA}.CD_ROM|Any CPU.Build.0 = Release|Any CPU
		{0FCF0F0D-5FBA-4386-B645-5E7D2682D3BA}.CD_ROM|x64.ActiveCfg = Debug|x64
		{0FCF0F0D-5FBA-4386-B645-5E7D2682D3BA}.CD_ROM|x64.Build.0 = Debug|x64
		{0FCF0F0D-5FBA-4386-B645-5E7D2682D3BA}.Debug|Any CPU.ActiveCfg = Debug|Any CPU
		{0FCF0F0D-5FBA-4386-B645-5E7D2682D3BA}.Debug|Any CPU.Build.0 = Debug|Any CPU
		{0FCF0F0D-5FBA-4386-B645-5E7D2682D3BA}.Debug|x64.ActiveCfg = Debug|x64
		{0FCF0F0D-5FBA-4386-B645-5E7D2682D3BA}.Debug|x64.Build.0 = Debug|x64
		{0FCF0F0D-5FBA-4386-B645-5E7D2682D3BA}.DVD-5|Any CPU.ActiveCfg = Debug|Any CPU
		{0FCF0F0D-5FBA-4386-B645-5E7D2682D3BA}.DVD-5|Any CPU.Build.0 = Debug|Any CPU
		{0FCF0F0D-5FBA-4386-B645-5E7D2682D3BA}.DVD-5|x64.ActiveCfg = Debug|x64
		{0FCF0F0D-5FBA-4386-B645-5E7D2682D3BA}.DVD-5|x64.Build.0 = Debug|x64
		{0FCF0F0D-5FBA-4386-B645-5E7D2682D3BA}.Release|Any CPU.ActiveCfg = Release|Any CPU
		{0FCF0F0D-5FBA-4386-B645-5E7D2682D3BA}.Release|Any CPU.Build.0 = Release|Any CPU
		{0FCF0F0D-5FBA-4386-B645-5E7D2682D3BA}.Release|x64.ActiveCfg = Release|x64
		{0FCF0F0D-5FBA-4386-B645-5E7D2682D3BA}.Release|x64.Build.0 = Release|x64
		{0FCF0F0D-5FBA-4386-B645-5E7D2682D3BA}.SingleImage|Any CPU.ActiveCfg = Release|Any CPU
		{0FCF0F0D-5FBA-4386-B645-5E7D2682D3BA}.SingleImage|Any CPU.Build.0 = Release|Any CPU
		{0FCF0F0D-5FBA-4386-B645-5E7D2682D3BA}.SingleImage|x64.ActiveCfg = Debug|x64
		{0FCF0F0D-5FBA-4386-B645-5E7D2682D3BA}.SingleImage|x64.Build.0 = Debug|x64
		{0FCF0F0D-5FBA-4386-B645-5E7D2682D3BA}.SUPERVISOR DEBUG|Any CPU.ActiveCfg = Release|x64
		{0FCF0F0D-5FBA-4386-B645-5E7D2682D3BA}.SUPERVISOR DEBUG|x64.ActiveCfg = Release|x64
		{0FCF0F0D-5FBA-4386-B645-5E7D2682D3BA}.SUPERVISOR DEBUG|x64.Build.0 = Release|x64
		{0FCF0F0D-5FBA-4386-B645-5E7D2682D3BA}.SUPERVISOR RELEASE NORDOIL|Any CPU.ActiveCfg = Release|x64
		{0FCF0F0D-5FBA-4386-B645-5E7D2682D3BA}.SUPERVISOR RELEASE NORDOIL|x64.ActiveCfg = Release|x64
		{0FCF0F0D-5FBA-4386-B645-5E7D2682D3BA}.SUPERVISOR RELEASE NORDOIL|x64.Build.0 = Release|x64
		{0FCF0F0D-5FBA-4386-B645-5E7D2682D3BA}.SUPERVISOR RELEASE|Any CPU.ActiveCfg = Release|x64
		{0FCF0F0D-5FBA-4386-B645-5E7D2682D3BA}.SUPERVISOR RELEASE|x64.ActiveCfg = Release|x64
		{0FCF0F0D-5FBA-4386-B645-5E7D2682D3BA}.SUPERVISOR RELEASE|x64.Build.0 = Release|x64
		{BCEA87EE-2EB7-47D0-A4AC-93AAF3ED6C71}.AISRB DEBUG|Any CPU.ActiveCfg = Release|Any CPU
		{BCEA87EE-2EB7-47D0-A4AC-93AAF3ED6C71}.AISRB DEBUG|Any CPU.Build.0 = Release|Any CPU
		{BCEA87EE-2EB7-47D0-A4AC-93AAF3ED6C71}.AISRB DEBUG|x64.ActiveCfg = Release|Any CPU
		{BCEA87EE-2EB7-47D0-A4AC-93AAF3ED6C71}.AISRB RELEASE|Any CPU.ActiveCfg = Release|Any CPU
		{BCEA87EE-2EB7-47D0-A4AC-93AAF3ED6C71}.AISRB RELEASE|Any CPU.Build.0 = Release|Any CPU
		{BCEA87EE-2EB7-47D0-A4AC-93AAF3ED6C71}.AISRB RELEASE|x64.ActiveCfg = Release|Any CPU
		{BCEA87EE-2EB7-47D0-A4AC-93AAF3ED6C71}.CD_ROM|Any CPU.ActiveCfg = Debug|Any CPU
		{BCEA87EE-2EB7-47D0-A4AC-93AAF3ED6C71}.CD_ROM|Any CPU.Build.0 = Debug|Any CPU
		{BCEA87EE-2EB7-47D0-A4AC-93AAF3ED6C71}.CD_ROM|x64.ActiveCfg = Debug|Any CPU
		{BCEA87EE-2EB7-47D0-A4AC-93AAF3ED6C71}.Debug|Any CPU.ActiveCfg = Debug|Any CPU
		{BCEA87EE-2EB7-47D0-A4AC-93AAF3ED6C71}.Debug|Any CPU.Build.0 = Debug|Any CPU
		{BCEA87EE-2EB7-47D0-A4AC-93AAF3ED6C71}.Debug|x64.ActiveCfg = Debug|Any CPU
		{BCEA87EE-2EB7-47D0-A4AC-93AAF3ED6C71}.DVD-5|Any CPU.ActiveCfg = Debug|Any CPU
		{BCEA87EE-2EB7-47D0-A4AC-93AAF3ED6C71}.DVD-5|Any CPU.Build.0 = Debug|Any CPU
		{BCEA87EE-2EB7-47D0-A4AC-93AAF3ED6C71}.DVD-5|x64.ActiveCfg = Debug|Any CPU
		{BCEA87EE-2EB7-47D0-A4AC-93AAF3ED6C71}.Release|Any CPU.ActiveCfg = Release|Any CPU
		{BCEA87EE-2EB7-47D0-A4AC-93AAF3ED6C71}.Release|Any CPU.Build.0 = Release|Any CPU
		{BCEA87EE-2EB7-47D0-A4AC-93AAF3ED6C71}.Release|x64.ActiveCfg = Release|Any CPU
		{BCEA87EE-2EB7-47D0-A4AC-93AAF3ED6C71}.SingleImage|Any CPU.ActiveCfg = Debug|Any CPU
		{BCEA87EE-2EB7-47D0-A4AC-93AAF3ED6C71}.SingleImage|Any CPU.Build.0 = Debug|Any CPU
		{BCEA87EE-2EB7-47D0-A4AC-93AAF3ED6C71}.SingleImage|x64.ActiveCfg = Debug|Any CPU
		{BCEA87EE-2EB7-47D0-A4AC-93AAF3ED6C71}.SUPERVISOR DEBUG|Any CPU.ActiveCfg = Release|Any CPU
		{BCEA87EE-2EB7-47D0-A4AC-93AAF3ED6C71}.SUPERVISOR DEBUG|Any CPU.Build.0 = Release|Any CPU
		{BCEA87EE-2EB7-47D0-A4AC-93AAF3ED6C71}.SUPERVISOR DEBUG|x64.ActiveCfg = Release|Any CPU
		{BCEA87EE-2EB7-47D0-A4AC-93AAF3ED6C71}.SUPERVISOR RELEASE NORDOIL|Any CPU.ActiveCfg = Release|Any CPU
		{BCEA87EE-2EB7-47D0-A4AC-93AAF3ED6C71}.SUPERVISOR RELEASE NORDOIL|Any CPU.Build.0 = Release|Any CPU
		{BCEA87EE-2EB7-47D0-A4AC-93AAF3ED6C71}.SUPERVISOR RELEASE NORDOIL|x64.ActiveCfg = Release|Any CPU
		{BCEA87EE-2EB7-47D0-A4AC-93AAF3ED6C71}.SUPERVISOR RELEASE|Any CPU.ActiveCfg = Release|Any CPU
		{BCEA87EE-2EB7-47D0-A4AC-93AAF3ED6C71}.SUPERVISOR RELEASE|Any CPU.Build.0 = Release|Any CPU
		{BCEA87EE-2EB7-47D0-A4AC-93AAF3ED6C71}.SUPERVISOR RELEASE|x64.ActiveCfg = Release|Any CPU
		{F8B979F9-400D-42A4-9F34-43F30EB3DE09}.AISRB DEBUG|Any CPU.ActiveCfg = SingleImage
		{F8B979F9-400D-42A4-9F34-43F30EB3DE09}.AISRB DEBUG|Any CPU.Build.0 = SingleImage
		{F8B979F9-400D-42A4-9F34-43F30EB3DE09}.AISRB DEBUG|x64.ActiveCfg = SingleImage
		{F8B979F9-400D-42A4-9F34-43F30EB3DE09}.AISRB DEBUG|x64.Build.0 = SingleImage
		{F8B979F9-400D-42A4-9F34-43F30EB3DE09}.AISRB RELEASE|Any CPU.ActiveCfg = SingleImage
		{F8B979F9-400D-42A4-9F34-43F30EB3DE09}.AISRB RELEASE|Any CPU.Build.0 = SingleImage
		{F8B979F9-400D-42A4-9F34-43F30EB3DE09}.AISRB RELEASE|x64.ActiveCfg = SingleImage
		{F8B979F9-400D-42A4-9F34-43F30EB3DE09}.AISRB RELEASE|x64.Build.0 = SingleImage
		{F8B979F9-400D-42A4-9F34-43F30EB3DE09}.CD_ROM|Any CPU.ActiveCfg = CD_ROM
		{F8B979F9-400D-42A4-9F34-43F30EB3DE09}.CD_ROM|Any CPU.Build.0 = CD_ROM
		{F8B979F9-400D-42A4-9F34-43F30EB3DE09}.CD_ROM|x64.ActiveCfg = CD_ROM
		{F8B979F9-400D-42A4-9F34-43F30EB3DE09}.CD_ROM|x64.Build.0 = CD_ROM
		{F8B979F9-400D-42A4-9F34-43F30EB3DE09}.Debug|Any CPU.ActiveCfg = DVD-5
		{F8B979F9-400D-42A4-9F34-43F30EB3DE09}.Debug|x64.ActiveCfg = DVD-5
		{F8B979F9-400D-42A4-9F34-43F30EB3DE09}.Debug|x64.Build.0 = DVD-5
		{F8B979F9-400D-42A4-9F34-43F30EB3DE09}.DVD-5|Any CPU.ActiveCfg = DVD-5
		{F8B979F9-400D-42A4-9F34-43F30EB3DE09}.DVD-5|Any CPU.Build.0 = DVD-5
		{F8B979F9-400D-42A4-9F34-43F30EB3DE09}.DVD-5|x64.ActiveCfg = DVD-5
		{F8B979F9-400D-42A4-9F34-43F30EB3DE09}.DVD-5|x64.Build.0 = DVD-5
		{F8B979F9-400D-42A4-9F34-43F30EB3DE09}.Release|Any CPU.ActiveCfg = SingleImage
		{F8B979F9-400D-42A4-9F34-43F30EB3DE09}.Release|Any CPU.Build.0 = SingleImage
		{F8B979F9-400D-42A4-9F34-43F30EB3DE09}.Release|x64.ActiveCfg = SingleImage
		{F8B979F9-400D-42A4-9F34-43F30EB3DE09}.Release|x64.Build.0 = SingleImage
		{F8B979F9-400D-42A4-9F34-43F30EB3DE09}.SingleImage|Any CPU.ActiveCfg = SingleImage
		{F8B979F9-400D-42A4-9F34-43F30EB3DE09}.SingleImage|Any CPU.Build.0 = SingleImage
		{F8B979F9-400D-42A4-9F34-43F30EB3DE09}.SingleImage|x64.ActiveCfg = SingleImage
		{F8B979F9-400D-42A4-9F34-43F30EB3DE09}.SingleImage|x64.Build.0 = SingleImage
		{F8B979F9-400D-42A4-9F34-43F30EB3DE09}.SUPERVISOR DEBUG|Any CPU.ActiveCfg = SingleImage
		{F8B979F9-400D-42A4-9F34-43F30EB3DE09}.SUPERVISOR DEBUG|Any CPU.Build.0 = SingleImage
		{F8B979F9-400D-42A4-9F34-43F30EB3DE09}.SUPERVISOR DEBUG|x64.ActiveCfg = SingleImage
		{F8B979F9-400D-42A4-9F34-43F30EB3DE09}.SUPERVISOR DEBUG|x64.Build.0 = SingleImage
		{F8B979F9-400D-42A4-9F34-43F30EB3DE09}.SUPERVISOR RELEASE NORDOIL|Any CPU.ActiveCfg = SingleImage
		{F8B979F9-400D-42A4-9F34-43F30EB3DE09}.SUPERVISOR RELEASE NORDOIL|Any CPU.Build.0 = SingleImage
		{F8B979F9-400D-42A4-9F34-43F30EB3DE09}.SUPERVISOR RELEASE NORDOIL|x64.ActiveCfg = SingleImage
		{F8B979F9-400D-42A4-9F34-43F30EB3DE09}.SUPERVISOR RELEASE NORDOIL|x64.Build.0 = SingleImage
		{F8B979F9-400D-42A4-9F34-43F30EB3DE09}.SUPERVISOR RELEASE|Any CPU.ActiveCfg = SingleImage
		{F8B979F9-400D-42A4-9F34-43F30EB3DE09}.SUPERVISOR RELEASE|Any CPU.Build.0 = SingleImage
		{F8B979F9-400D-42A4-9F34-43F30EB3DE09}.SUPERVISOR RELEASE|x64.ActiveCfg = SingleImage
		{F8B979F9-400D-42A4-9F34-43F30EB3DE09}.SUPERVISOR RELEASE|x64.Build.0 = SingleImage
	EndGlobalSection
	GlobalSection(SolutionProperties) = preSolution
		HideSolutionNode = FALSE
	EndGlobalSection
EndGlobal
